# THIS IS AN AUTOGENERATED FILE. DO NOT EDIT THIS FILE DIRECTLY.
# yarn lockfile v1


typescript@^3.4.0-dev.20190313:
  version "3.4.0-dev.20190313"
  resolved "https://registry.yarnpkg.com/typescript/-/typescript-3.4.0-dev.20190313.tgz#88d5a5a6a231cba4b26c68b68fe2e20c348fc69c"
  integrity sha512-ocZcV6d4pEAlPvcT1LJFR+Do2w455JW52D28HPFcGgJb8LOpeY05+buD/e/Hlgfyb28FVI91Tt2pApT9XS+Jzg==
